
Microsoft Visual Studio Solution File, Format Version 12.00
# Visual Studio Version 16
VisualStudioVersion = 16.0.30114.105
MinimumVisualStudioVersion = 10.0.40219.1
Project("{FAE04EC0-301F-11D3-BF4B-00C04F79EFBC}") = "POS", "POS\POS.csproj", "{9A98D85A-4D28-4CA3-9C2C-4C6B32D79F76}"
EndProject
Global
	GlobalSection(SolutionConfigurationPlatforms) = preSolution
		Debug|Any CPU = Debug|Any CPU
		Release|Any CPU = Release|Any CPU
	EndGlobalSection
	GlobalSection(ProjectConfigurationPlatforms) = postSolution
		{9A98D85A-4D28-4CA3-9C2C-4C6B32D79F76}.Debug|Any CPU.ActiveCfg = Debug|Any CPU
		{9A98D85A-4D28-4CA3-9C2C-4C6B32D79F76}.Debug|Any CPU.Build.0 = Debug|Any CPU
		{9A98D85A-4D28-4CA3-9C2C-4C6B32D79F76}.Release|Any CPU.ActiveCfg = Release|Any CPU
		{9A98D85A-4D28-4CA3-9C2C-4C6B32D79F76}.Release|Any CPU.Build.0 = Release|Any CPU
	EndGlobalSection
	GlobalSection(SolutionProperties) = preSolution
		HideSolutionNode = FALSE
	EndGlobalSection
	GlobalSection(ExtensibilityGlobals) = postSolution
		SolutionGuid = {16C600CA-FA19-49D6-873D-7533E4C63C61}
	EndGlobalSection
EndGlobal
